Microsoft Visual Studio Solution File, Format Version 12.00
# Visual Studio Version 17
VisualStudioVersion = 17.5.2.0
MinimumVisualStudioVersion = 10.0.40219.1
Project("{FAE04EC0-301F-11D3-BF4B-00C04F79EFBC}") = "goalTracker", "goalTracker.csproj", "{2984F9B9-6CA3-3DC0-8B9D-CBFE275A4829}"
EndProject
Global
	GlobalSection(SolutionConfigurationPlatforms) = preSolution
		Debug|Any CPU = Debug|Any CPU
		Release|Any CPU = Release|Any CPU
	EndGlobalSection
	GlobalSection(ProjectConfigurationPlatforms) = postSolution
		{2984F9B9-6CA3-3DC0-8B9D-CBFE275A4829}.Debug|Any CPU.ActiveCfg = Debug|Any CPU
		{2984F9B9-6CA3-3DC0-8B9D-CBFE275A4829}.Debug|Any CPU.Build.0 = Debug|Any CPU
		{2984F9B9-6CA3-3DC0-8B9D-CBFE275A4829}.Release|Any CPU.ActiveCfg = Release|Any CPU
		{2984F9B9-6CA3-3DC0-8B9D-CBFE275A4829}.Release|Any CPU.Build.0 = Release|Any CPU
	EndGlobalSection
	GlobalSection(SolutionProperties) = preSolution
		HideSolutionNode = FALSE
	EndGlobalSection
	GlobalSection(ExtensibilityGlobals) = postSolution
		SolutionGuid = {2B42BFFC-247A-44D9-B59F-486A71163A3C}
	EndGlobalSection
EndGlobal
